
Microsoft Visual Studio Solution File, Format Version 12.00
# Visual Studio Version 17
VisualStudioVersion = 17.13.35825.156 d17.13
MinimumVisualStudioVersion = 10.0.40219.1
Project("{FAE04EC0-301F-11D3-BF4B-00C04F79EFBC}") = "Assignment3", "Assignment3.csproj", "{0FB5B422-71A8-47FD-A562-6D69E6DAED23}"
EndProject
Project("{FAE04EC0-301F-11D3-BF4B-00C04F79EFBC}") = "Assignment3.Tests", "..\Assignment3.Tests\Assignment3.Tests.csproj", "{4AA89820-E328-4865-9D13-ADD4631E4E69}"
EndProject
Global
	GlobalSection(SolutionConfigurationPlatforms) = preSolution
		Debug|Any CPU = Debug|Any CPU
		Release|Any CPU = Release|Any CPU
	EndGlobalSection
	GlobalSection(ProjectConfigurationPlatforms) = postSolution
		{0FB5B422-71A8-47FD-A562-6D69E6DAED23}.Debug|Any CPU.ActiveCfg = Debug|Any CPU
		{0FB5B422-71A8-47FD-A562-6D69E6DAED23}.Debug|Any CPU.Build.0 = Debug|Any CPU
		{0FB5B422-71A8-47FD-A562-6D69E6DAED23}.Release|Any CPU.ActiveCfg = Release|Any CPU
		{0FB5B422-71A8-47FD-A562-6D69E6DAED23}.Release|Any CPU.Build.0 = Release|Any CPU
		{4AA89820-E328-4865-9D13-ADD4631E4E69}.Debug|Any CPU.ActiveCfg = Debug|Any CPU
		{4AA89820-E328-4865-9D13-ADD4631E4E69}.Debug|Any CPU.Build.0 = Debug|Any CPU
		{4AA89820-E328-4865-9D13-ADD4631E4E69}.Release|Any CPU.ActiveCfg = Release|Any CPU
		{4AA89820-E328-4865-9D13-ADD4631E4E69}.Release|Any CPU.Build.0 = Release|Any CPU
	EndGlobalSection
	GlobalSection(SolutionProperties) = preSolution
		HideSolutionNode = FALSE
	EndGlobalSection
	GlobalSection(ExtensibilityGlobals) = postSolution
		SolutionGuid = {88ACC261-E4A3-47B7-86DD-A7FAEC8A1757}
	EndGlobalSection
EndGlobal
