
Microsoft Visual Studio Solution File, Format Version 12.00
# Visual Studio Version 17
VisualStudioVersion = 17.13.35825.156
MinimumVisualStudioVersion = 10.0.40219.1
Project("{FAE04EC0-301F-11D3-BF4B-00C04F79EFBC}") = "CPRG211F", "CPRG211F.csproj", "{109682A1-67AA-4381-B66B-F865C18466AB}"
EndProject
Project("{FAE04EC0-301F-11D3-BF4B-00C04F79EFBC}") = "Nunit3Test", "..\Nunit3Test\Nunit3Test.csproj", "{B3527745-1E9D-4079-9675-B92BB1A29C84}"
EndProject
Global
	GlobalSection(SolutionConfigurationPlatforms) = preSolution
		Debug|Any CPU = Debug|Any CPU
		Release|Any CPU = Release|Any CPU
	EndGlobalSection
	GlobalSection(ProjectConfigurationPlatforms) = postSolution
		{109682A1-67AA-4381-B66B-F865C18466AB}.Debug|Any CPU.ActiveCfg = Debug|Any CPU
		{109682A1-67AA-4381-B66B-F865C18466AB}.Debug|Any CPU.Build.0 = Debug|Any CPU
		{109682A1-67AA-4381-B66B-F865C18466AB}.Release|Any CPU.ActiveCfg = Release|Any CPU
		{109682A1-67AA-4381-B66B-F865C18466AB}.Release|Any CPU.Build.0 = Release|Any CPU
		{B3527745-1E9D-4079-9675-B92BB1A29C84}.Debug|Any CPU.ActiveCfg = Debug|Any CPU
		{B3527745-1E9D-4079-9675-B92BB1A29C84}.Debug|Any CPU.Build.0 = Debug|Any CPU
		{B3527745-1E9D-4079-9675-B92BB1A29C84}.Release|Any CPU.ActiveCfg = Release|Any CPU
		{B3527745-1E9D-4079-9675-B92BB1A29C84}.Release|Any CPU.Build.0 = Release|Any CPU
	EndGlobalSection
	GlobalSection(SolutionProperties) = preSolution
		HideSolutionNode = FALSE
	EndGlobalSection
	GlobalSection(ExtensibilityGlobals) = postSolution
		SolutionGuid = {95563C87-A14B-4F23-A595-36C1282845E4}
	EndGlobalSection
EndGlobal
