
Microsoft Visual Studio Solution File, Format Version 12.00
# Visual Studio Version 17
VisualStudioVersion = 17.13.35825.156 d17.13
MinimumVisualStudioVersion = 10.0.40219.1
Project("{FAE04EC0-301F-11D3-BF4B-00C04F79EFBC}") = "FlightsApp", "FlightsApp.csproj", "{C1C0225D-3C89-498A-94BE-088A0832DB1E}"
EndProject
Global
	GlobalSection(SolutionConfigurationPlatforms) = preSolution
		Debug|Any CPU = Debug|Any CPU
		Release|Any CPU = Release|Any CPU
	EndGlobalSection
	GlobalSection(ProjectConfigurationPlatforms) = postSolution
		{C1C0225D-3C89-498A-94BE-088A0832DB1E}.Debug|Any CPU.ActiveCfg = Debug|Any CPU
		{C1C0225D-3C89-498A-94BE-088A0832DB1E}.Debug|Any CPU.Build.0 = Debug|Any CPU
		{C1C0225D-3C89-498A-94BE-088A0832DB1E}.Release|Any CPU.ActiveCfg = Release|Any CPU
		{C1C0225D-3C89-498A-94BE-088A0832DB1E}.Release|Any CPU.Build.0 = Release|Any CPU
	EndGlobalSection
	GlobalSection(SolutionProperties) = preSolution
		HideSolutionNode = FALSE
	EndGlobalSection
	GlobalSection(ExtensibilityGlobals) = postSolution
		SolutionGuid = {415F07C7-2105-4A6F-8A21-F5F410DDDCD2}
	EndGlobalSection
EndGlobal
